
Microsoft Visual Studio Solution File, Format Version 12.00
# Visual Studio Version 17
VisualStudioVersion = 17.13.35931.197
MinimumVisualStudioVersion = 10.0.40219.1
Project("{FAE04EC0-301F-11D3-BF4B-00C04F79EFBC}") = "Commander", "Commander\Commander.csproj", "{5A1FF1DA-19A4-3704-9A26-014769D806EE}"
EndProject
Project("{FAE04EC0-301F-11D3-BF4B-00C04F79EFBC}") = "BotLib", "BotLib\BotLib.csproj", "{6F767793-AD19-20B2-FA1B-0FCC8AE9E619}"
EndProject
Project("{FAE04EC0-301F-11D3-BF4B-00C04F79EFBC}") = "read-memory-64-bit", "..\Sanderling\implement\read-memory-64-bit\read-memory-64-bit.csproj", "{042A630C-3506-C56B-77FA-D4E6D35889A1}"
EndProject
Project("{FAE04EC0-301F-11D3-BF4B-00C04F79EFBC}") = "eve-parse-ui", "..\Sanderling\implement\eve-parse-ui\eve-parse-ui.csproj", "{4748E61D-BA04-AFE0-913B-79F8183CB367}"
EndProject
Project("{FAE04EC0-301F-11D3-BF4B-00C04F79EFBC}") = "SDEdotNet", "SDEdotNet\SDEdotNet.csproj", "{4EBE5023-6862-409F-9485-8EF885DA3770}"
EndProject
Project("{FAE04EC0-301F-11D3-BF4B-00C04F79EFBC}") = "AssemblyLineLib", "AssemblyLineLib\AssemblyLineLib.csproj", "{D523DE0B-A52B-44F7-BEDB-486A7F71D0DC}"
EndProject
Project("{FAE04EC0-301F-11D3-BF4B-00C04F79EFBC}") = "BotLibPlugins", "BotLibPlugins\BotLibPlugins.csproj", "{EBEFA971-E67F-658B-1533-D1A1D1A4E672}"
EndProject
Project("{FAE04EC0-301F-11D3-BF4B-00C04F79EFBC}") = "KeepstarWatcherPlugin", "KeepstarWatcherPlugin\KeepstarWatcherPlugin.csproj", "{9804DD2C-88FA-4123-B960-C7844B740380}"
EndProject
Global
	GlobalSection(SolutionConfigurationPlatforms) = preSolution
		Debug|Any CPU = Debug|Any CPU
		Debug|x64 = Debug|x64
		Debug|x86 = Debug|x86
		Release|Any CPU = Release|Any CPU
		Release|x64 = Release|x64
		Release|x86 = Release|x86
	EndGlobalSection
	GlobalSection(ProjectConfigurationPlatforms) = postSolution
		{5A1FF1DA-19A4-3704-9A26-014769D806EE}.Debug|Any CPU.ActiveCfg = Debug|Any CPU
		{5A1FF1DA-19A4-3704-9A26-014769D806EE}.Debug|Any CPU.Build.0 = Debug|Any CPU
		{5A1FF1DA-19A4-3704-9A26-014769D806EE}.Debug|x64.ActiveCfg = Debug|Any CPU
		{5A1FF1DA-19A4-3704-9A26-014769D806EE}.Debug|x64.Build.0 = Debug|Any CPU
		{5A1FF1DA-19A4-3704-9A26-014769D806EE}.Debug|x86.ActiveCfg = Debug|Any CPU
		{5A1FF1DA-19A4-3704-9A26-014769D806EE}.Debug|x86.Build.0 = Debug|Any CPU
		{5A1FF1DA-19A4-3704-9A26-014769D806EE}.Release|Any CPU.ActiveCfg = Release|Any CPU
		{5A1FF1DA-19A4-3704-9A26-014769D806EE}.Release|Any CPU.Build.0 = Release|Any CPU
		{5A1FF1DA-19A4-3704-9A26-014769D806EE}.Release|x64.ActiveCfg = Release|Any CPU
		{5A1FF1DA-19A4-3704-9A26-014769D806EE}.Release|x64.Build.0 = Release|Any CPU
		{5A1FF1DA-19A4-3704-9A26-014769D806EE}.Release|x86.ActiveCfg = Release|Any CPU
		{5A1FF1DA-19A4-3704-9A26-014769D806EE}.Release|x86.Build.0 = Release|Any CPU
		{6F767793-AD19-20B2-FA1B-0FCC8AE9E619}.Debug|Any CPU.ActiveCfg = Debug|Any CPU
		{6F767793-AD19-20B2-FA1B-0FCC8AE9E619}.Debug|Any CPU.Build.0 = Debug|Any CPU
		{6F767793-AD19-20B2-FA1B-0FCC8AE9E619}.Debug|x64.ActiveCfg = Debug|Any CPU
		{6F767793-AD19-20B2-FA1B-0FCC8AE9E619}.Debug|x64.Build.0 = Debug|Any CPU
		{6F767793-AD19-20B2-FA1B-0FCC8AE9E619}.Debug|x86.ActiveCfg = Debug|Any CPU
		{6F767793-AD19-20B2-FA1B-0FCC8AE9E619}.Debug|x86.Build.0 = Debug|Any CPU
		{6F767793-AD19-20B2-FA1B-0FCC8AE9E619}.Release|Any CPU.ActiveCfg = Release|Any CPU
		{6F767793-AD19-20B2-FA1B-0FCC8AE9E619}.Release|Any CPU.Build.0 = Release|Any CPU
		{6F767793-AD19-20B2-FA1B-0FCC8AE9E619}.Release|x64.ActiveCfg = Release|Any CPU
		{6F767793-AD19-20B2-FA1B-0FCC8AE9E619}.Release|x64.Build.0 = Release|Any CPU
		{6F767793-AD19-20B2-FA1B-0FCC8AE9E619}.Release|x86.ActiveCfg = Release|Any CPU
		{6F767793-AD19-20B2-FA1B-0FCC8AE9E619}.Release|x86.Build.0 = Release|Any CPU
		{042A630C-3506-C56B-77FA-D4E6D35889A1}.Debug|Any CPU.ActiveCfg = Debug|Any CPU
		{042A630C-3506-C56B-77FA-D4E6D35889A1}.Debug|Any CPU.Build.0 = Debug|Any CPU
		{042A630C-3506-C56B-77FA-D4E6D35889A1}.Debug|x64.ActiveCfg = Debug|Any CPU
		{042A630C-3506-C56B-77FA-D4E6D35889A1}.Debug|x64.Build.0 = Debug|Any CPU
		{042A630C-3506-C56B-77FA-D4E6D35889A1}.Debug|x86.ActiveCfg = Debug|Any CPU
		{042A630C-3506-C56B-77FA-D4E6D35889A1}.Debug|x86.Build.0 = Debug|Any CPU
		{042A630C-3506-C56B-77FA-D4E6D35889A1}.Release|Any CPU.ActiveCfg = Release|Any CPU
		{042A630C-3506-C56B-77FA-D4E6D35889A1}.Release|Any CPU.Build.0 = Release|Any CPU
		{042A630C-3506-C56B-77FA-D4E6D35889A1}.Release|x64.ActiveCfg = Release|Any CPU
		{042A630C-3506-C56B-77FA-D4E6D35889A1}.Release|x64.Build.0 = Release|Any CPU
		{042A630C-3506-C56B-77FA-D4E6D35889A1}.Release|x86.ActiveCfg = Release|Any CPU
		{042A630C-3506-C56B-77FA-D4E6D35889A1}.Release|x86.Build.0 = Release|Any CPU
		{4748E61D-BA04-AFE0-913B-79F8183CB367}.Debug|Any CPU.ActiveCfg = Debug|Any CPU
		{4748E61D-BA04-AFE0-913B-79F8183CB367}.Debug|Any CPU.Build.0 = Debug|Any CPU
		{4748E61D-BA04-AFE0-913B-79F8183CB367}.Debug|x64.ActiveCfg = Debug|Any CPU
		{4748E61D-BA04-AFE0-913B-79F8183CB367}.Debug|x64.Build.0 = Debug|Any CPU
		{4748E61D-BA04-AFE0-913B-79F8183CB367}.Debug|x86.ActiveCfg = Debug|Any CPU
		{4748E61D-BA04-AFE0-913B-79F8183CB367}.Debug|x86.Build.0 = Debug|Any CPU
		{4748E61D-BA04-AFE0-913B-79F8183CB367}.Release|Any CPU.ActiveCfg = Release|Any CPU
		{4748E61D-BA04-AFE0-913B-79F8183CB367}.Release|Any CPU.Build.0 = Release|Any CPU
		{4748E61D-BA04-AFE0-913B-79F8183CB367}.Release|x64.ActiveCfg = Release|Any CPU
		{4748E61D-BA04-AFE0-913B-79F8183CB367}.Release|x64.Build.0 = Release|Any CPU
		{4748E61D-BA04-AFE0-913B-79F8183CB367}.Release|x86.ActiveCfg = Release|Any CPU
		{4748E61D-BA04-AFE0-913B-79F8183CB367}.Release|x86.Build.0 = Release|Any CPU
		{4EBE5023-6862-409F-9485-8EF885DA3770}.Debug|Any CPU.ActiveCfg = Debug|Any CPU
		{4EBE5023-6862-409F-9485-8EF885DA3770}.Debug|Any CPU.Build.0 = Debug|Any CPU
		{4EBE5023-6862-409F-9485-8EF885DA3770}.Debug|x64.ActiveCfg = Debug|Any CPU
		{4EBE5023-6862-409F-9485-8EF885DA3770}.Debug|x64.Build.0 = Debug|Any CPU
		{4EBE5023-6862-409F-9485-8EF885DA3770}.Debug|x86.ActiveCfg = Debug|Any CPU
		{4EBE5023-6862-409F-9485-8EF885DA3770}.Debug|x86.Build.0 = Debug|Any CPU
		{4EBE5023-6862-409F-9485-8EF885DA3770}.Release|Any CPU.ActiveCfg = Release|Any CPU
		{4EBE5023-6862-409F-9485-8EF885DA3770}.Release|Any CPU.Build.0 = Release|Any CPU
		{4EBE5023-6862-409F-9485-8EF885DA3770}.Release|x64.ActiveCfg = Release|Any CPU
		{4EBE5023-6862-409F-9485-8EF885DA3770}.Release|x64.Build.0 = Release|Any CPU
		{4EBE5023-6862-409F-9485-8EF885DA3770}.Release|x86.ActiveCfg = Release|Any CPU
		{4EBE5023-6862-409F-9485-8EF885DA3770}.Release|x86.Build.0 = Release|Any CPU
		{D523DE0B-A52B-44F7-BEDB-486A7F71D0DC}.Debug|Any CPU.ActiveCfg = Debug|Any CPU
		{D523DE0B-A52B-44F7-BEDB-486A7F71D0DC}.Debug|Any CPU.Build.0 = Debug|Any CPU
		{D523DE0B-A52B-44F7-BEDB-486A7F71D0DC}.Debug|x64.ActiveCfg = Debug|Any CPU
		{D523DE0B-A52B-44F7-BEDB-486A7F71D0DC}.Debug|x64.Build.0 = Debug|Any CPU
		{D523DE0B-A52B-44F7-BEDB-486A7F71D0DC}.Debug|x86.ActiveCfg = Debug|Any CPU
		{D523DE0B-A52B-44F7-BEDB-486A7F71D0DC}.Debug|x86.Build.0 = Debug|Any CPU
		{D523DE0B-A52B-44F7-BEDB-486A7F71D0DC}.Release|Any CPU.ActiveCfg = Release|Any CPU
		{D523DE0B-A52B-44F7-BEDB-486A7F71D0DC}.Release|Any CPU.Build.0 = Release|Any CPU
		{D523DE0B-A52B-44F7-BEDB-486A7F71D0DC}.Release|x64.ActiveCfg = Release|Any CPU
		{D523DE0B-A52B-44F7-BEDB-486A7F71D0DC}.Release|x64.Build.0 = Release|Any CPU
		{D523DE0B-A52B-44F7-BEDB-486A7F71D0DC}.Release|x86.ActiveCfg = Release|Any CPU
		{D523DE0B-A52B-44F7-BEDB-486A7F71D0DC}.Release|x86.Build.0 = Release|Any CPU
		{EBEFA971-E67F-658B-1533-D1A1D1A4E672}.Debug|Any CPU.ActiveCfg = Debug|Any CPU
		{EBEFA971-E67F-658B-1533-D1A1D1A4E672}.Debug|Any CPU.Build.0 = Debug|Any CPU
		{EBEFA971-E67F-658B-1533-D1A1D1A4E672}.Debug|x64.ActiveCfg = Debug|Any CPU
		{EBEFA971-E67F-658B-1533-D1A1D1A4E672}.Debug|x64.Build.0 = Debug|Any CPU
		{EBEFA971-E67F-658B-1533-D1A1D1A4E672}.Debug|x86.ActiveCfg = Debug|Any CPU
		{EBEFA971-E67F-658B-1533-D1A1D1A4E672}.Debug|x86.Build.0 = Debug|Any CPU
		{EBEFA971-E67F-658B-1533-D1A1D1A4E672}.Release|Any CPU.ActiveCfg = Release|Any CPU
		{EBEFA971-E67F-658B-1533-D1A1D1A4E672}.Release|Any CPU.Build.0 = Release|Any CPU
		{EBEFA971-E67F-658B-1533-D1A1D1A4E672}.Release|x64.ActiveCfg = Release|Any CPU
		{EBEFA971-E67F-658B-1533-D1A1D1A4E672}.Release|x64.Build.0 = Release|Any CPU
		{EBEFA971-E67F-658B-1533-D1A1D1A4E672}.Release|x86.ActiveCfg = Release|Any CPU
		{EBEFA971-E67F-658B-1533-D1A1D1A4E672}.Release|x86.Build.0 = Release|Any CPU
		{9804DD2C-88FA-4123-B960-C7844B740380}.Debug|Any CPU.ActiveCfg = Debug|Any CPU
		{9804DD2C-88FA-4123-B960-C7844B740380}.Debug|Any CPU.Build.0 = Debug|Any CPU
		{9804DD2C-88FA-4123-B960-C7844B740380}.Debug|x64.ActiveCfg = Debug|Any CPU
		{9804DD2C-88FA-4123-B960-C7844B740380}.Debug|x64.Build.0 = Debug|Any CPU
		{9804DD2C-88FA-4123-B960-C7844B740380}.Debug|x86.ActiveCfg = Debug|Any CPU
		{9804DD2C-88FA-4123-B960-C7844B740380}.Debug|x86.Build.0 = Debug|Any CPU
		{9804DD2C-88FA-4123-B960-C7844B740380}.Release|Any CPU.ActiveCfg = Release|Any CPU
		{9804DD2C-88FA-4123-B960-C7844B740380}.Release|Any CPU.Build.0 = Release|Any CPU
		{9804DD2C-88FA-4123-B960-C7844B740380}.Release|x64.ActiveCfg = Release|Any CPU
		{9804DD2C-88FA-4123-B960-C7844B740380}.Release|x64.Build.0 = Release|Any CPU
		{9804DD2C-88FA-4123-B960-C7844B740380}.Release|x86.ActiveCfg = Release|Any CPU
		{9804DD2C-88FA-4123-B960-C7844B740380}.Release|x86.Build.0 = Release|Any CPU
	EndGlobalSection
	GlobalSection(SolutionProperties) = preSolution
		HideSolutionNode = FALSE
	EndGlobalSection
	GlobalSection(ExtensibilityGlobals) = postSolution
		SolutionGuid = {5869AFD2-150C-47CD-869F-AAE9621929F1}
	EndGlobalSection
EndGlobal
